// !$*UTF8*$!
{
	archiveVersion = 1;
	classes = {
	};
	objectVersion = 56;
	objects = {

/* Begin PBXBuildFile section */
		EED6CAAC2ABBB40E00C1B421 /* NumberConverterApp.swift in Sources */ = {isa = PBXBuildFile; fileRef = EED6CAAB2ABBB40E00C1B421 /* NumberConverterApp.swift */; };
		EED6CAAE2ABBB40E00C1B421 /* ContentView.swift in Sources */ = {isa = PBXBuildFile; fileRef = EED6CAAD2ABBB40E00C1B421 /* ContentView.swift */; };
		EED6CAB02ABBB41000C1B421 /* Assets.xcassets in Resources */ = {isa = PBXBuildFile; fileRef = EED6CAAF2ABBB41000C1B421 /* Assets.xcassets */; };
		EED6CAB42ABBB41000C1B421 /* Preview Assets.xcassets in Resources */ = {isa = PBXBuildFile; fileRef = EED6CAB32ABBB41000C1B421 /* Preview Assets.xcassets */; };
		EED6CABB2ABBB49500C1B421 /* NumberStringType.swift in Sources */ = {isa = PBXBuildFile; fileRef = EED6CABA2ABBB49500C1B421 /* NumberStringType.swift */; };
		EED6CABD2ABBB4B900C1B421 /* Extensions .swift in Sources */ = {isa = PBXBuildFile; fileRef = EED6CABC2ABBB4B900C1B421 /* Extensions .swift */; };
		EED6CABF2ABBB4DE00C1B421 /* Numbers.swift in Sources */ = {isa = PBXBuildFile; fileRef = EED6CABE2ABBB4DE00C1B421 /* Numbers.swift */; };
		EEF452912ABF12A700F76BE1 /* NumberConverter.swift in Sources */ = {isa = PBXBuildFile; fileRef = EEF452902ABF12A700F76BE1 /* NumberConverter.swift */; };
		EEF452942AC09FF400F76BE1 /* Result.swift in Sources */ = {isa = PBXBuildFile; fileRef = EEF452932AC09FF400F76BE1 /* Result.swift */; };
/* End PBXBuildFile section */

/* Begin PBXFileReference section */
		EED6CAA82ABBB40E00C1B421 /* NumberConverter.app */ = {isa = PBXFileReference; explicitFileType = wrapper.application; includeInIndex = 0; path = NumberConverter.app; sourceTree = BUILT_PRODUCTS_DIR; };
		EED6CAAB2ABBB40E00C1B421 /* NumberConverterApp.swift */ = {isa = PBXFileReference; lastKnownFileType = sourcecode.swift; path = NumberConverterApp.swift; sourceTree = "<group>"; };
		EED6CAAD2ABBB40E00C1B421 /* ContentView.swift */ = {isa = PBXFileReference; lastKnownFileType = sourcecode.swift; path = ContentView.swift; sourceTree = "<group>"; };
		EED6CAAF2ABBB41000C1B421 /* Assets.xcassets */ = {isa = PBXFileReference; lastKnownFileType = folder.assetcatalog; path = Assets.xcassets; sourceTree = "<group>"; };
		EED6CAB12ABBB41000C1B421 /* NumberConverter.entitlements */ = {isa = PBXFileReference; lastKnownFileType = text.plist.entitlements; path = NumberConverter.entitlements; sourceTree = "<group>"; };
		EED6CAB32ABBB41000C1B421 /* Preview Assets.xcassets */ = {isa = PBXFileReference; lastKnownFileType = folder.assetcatalog; path = "Preview Assets.xcassets"; sourceTree = "<group>"; };
		EED6CABA2ABBB49500C1B421 /* NumberStringType.swift */ = {isa = PBXFileReference; lastKnownFileType = sourcecode.swift; path = NumberStringType.swift; sourceTree = "<group>"; };
		EED6CABC2ABBB4B900C1B421 /* Extensions .swift */ = {isa = PBXFileReference; lastKnownFileType = sourcecode.swift; path = "Extensions .swift"; sourceTree = "<group>"; };
		EED6CABE2ABBB4DE00C1B421 /* Numbers.swift */ = {isa = PBXFileReference; lastKnownFileType = sourcecode.swift; path = Numbers.swift; sourceTree = "<group>"; };
		EEF452902ABF12A700F76BE1 /* NumberConverter.swift */ = {isa = PBXFileReference; lastKnownFileType = sourcecode.swift; path = NumberConverter.swift; sourceTree = "<group>"; };
		EEF452932AC09FF400F76BE1 /* Result.swift */ = {isa = PBXFileReference; lastKnownFileType = sourcecode.swift; path = Result.swift; sourceTree = "<group>"; };
/* End PBXFileReference section */

/* Begin PBXFrameworksBuildPhase section */
		EED6CAA52ABBB40E00C1B421 /* Frameworks */ = {
			isa = PBXFrameworksBuildPhase;
			buildActionMask = 2147483647;
			files = (
			);
			runOnlyForDeploymentPostprocessing = 0;
		};
/* End PBXFrameworksBuildPhase section */

/* Begin PBXGroup section */
		EED6CA9F2ABBB40E00C1B421 = {
			isa = PBXGroup;
			children = (
				EED6CAAA2ABBB40E00C1B421 /* NumberConverter */,
				EED6CAA92ABBB40E00C1B421 /* Products */,
			);
			sourceTree = "<group>";
		};
		EED6CAA92ABBB40E00C1B421 /* Products */ = {
			isa = PBXGroup;
			children = (
				EED6CAA82ABBB40E00C1B421 /* NumberConverter.app */,
			);
			name = Products;
			sourceTree = "<group>";
		};
		EED6CAAA2ABBB40E00C1B421 /* NumberConverter */ = {
			isa = PBXGroup;
			children = (
				EED6CAAB2ABBB40E00C1B421 /* NumberConverterApp.swift */,
				EED6CAAD2ABBB40E00C1B421 /* ContentView.swift */,
				EEF452922ABF130E00F76BE1 /* Number Converter */,
				EED6CAAF2ABBB41000C1B421 /* Assets.xcassets */,
				EED6CAB12ABBB41000C1B421 /* NumberConverter.entitlements */,
				EED6CAB22ABBB41000C1B421 /* Preview Content */,
			);
			path = NumberConverter;
			sourceTree = "<group>";
		};
		EED6CAB22ABBB41000C1B421 /* Preview Content */ = {
			isa = PBXGroup;
			children = (
				EED6CAB32ABBB41000C1B421 /* Preview Assets.xcassets */,
			);
			path = "Preview Content";
			sourceTree = "<group>";
		};
		EEF452922ABF130E00F76BE1 /* Number Converter */ = {
			isa = PBXGroup;
			children = (
				EED6CABE2ABBB4DE00C1B421 /* Numbers.swift */,
				EED6CABA2ABBB49500C1B421 /* NumberStringType.swift */,
				EEF452902ABF12A700F76BE1 /* NumberConverter.swift */,
				EED6CABC2ABBB4B900C1B421 /* Extensions .swift */,
				EEF452932AC09FF400F76BE1 /* Result.swift */,
			);
			path = "Number Converter";
			sourceTree = "<group>";
		};
/* End PBXGroup section */

/* Begin PBXNativeTarget section */
		EED6CAA72ABBB40E00C1B421 /* NumberConverter */ = {
			isa = PBXNativeTarget;
			buildConfigurationList = EED6CAB72ABBB41000C1B421 /* Build configuration list for PBXNativeTarget "NumberConverter" */;
			buildPhases = (
				EED6CAA42ABBB40E00C1B421 /* Sources */,
				EED6CAA52ABBB40E00C1B421 /* Frameworks */,
				EED6CAA62ABBB40E00C1B421 /* Resources */,
			);
			buildRules = (
			);
			dependencies = (
			);
			name = NumberConverter;
			productName = NumberConverter;
			productReference = EED6CAA82ABBB40E00C1B421 /* NumberConverter.app */;
			productType = "com.apple.product-type.application";
		};
/* End PBXNativeTarget section */

/* Begin PBXProject section */
		EED6CAA02ABBB40E00C1B421 /* Project object */ = {
			isa = PBXProject;
			attributes = {
				BuildIndependentTargetsInParallel = 1;
				LastSwiftUpdateCheck = 1430;
				LastUpgradeCheck = 1430;
				TargetAttributes = {
					EED6CAA72ABBB40E00C1B421 = {
						CreatedOnToolsVersion = 14.3.1;
					};
				};
			};
			buildConfigurationList = EED6CAA32ABBB40E00C1B421 /* Build configuration list for PBXProject "NumberConverter" */;
			compatibilityVersion = "Xcode 14.0";
			developmentRegion = en;
			hasScannedForEncodings = 0;
			knownRegions = (
				en,
				Base,
			);
			mainGroup = EED6CA9F2ABBB40E00C1B421;
			productRefGroup = EED6CAA92ABBB40E00C1B421 /* Products */;
			projectDirPath = "";
			projectRoot = "";
			targets = (
				EED6CAA72ABBB40E00C1B421 /* NumberConverter */,
			);
		};
/* End PBXProject section */

/* Begin PBXResourcesBuildPhase section */
		EED6CAA62ABBB40E00C1B421 /* Resources */ = {
			isa = PBXResourcesBuildPhase;
			buildActionMask = 2147483647;
			files = (
				EED6CAB42ABBB41000C1B421 /* Preview Assets.xcassets in Resources */,
				EED6CAB02ABBB41000C1B421 /* Assets.xcassets in Resources */,
			);
			runOnlyForDeploymentPostprocessing = 0;
		};
/* End PBXResourcesBuildPhase section */

/* Begin PBXSourcesBuildPhase section */
		EED6CAA42ABBB40E00C1B421 /* Sources */ = {
			isa = PBXSourcesBuildPhase;
			buildActionMask = 2147483647;
			files = (
				EED6CABD2ABBB4B900C1B421 /* Extensions .swift in Sources */,
				EED6CAAE2ABBB40E00C1B421 /* ContentView.swift in Sources */,
				EED6CABF2ABBB4DE00C1B421 /* Numbers.swift in Sources */,
				EED6CAAC2ABBB40E00C1B421 /* NumberConverterApp.swift in Sources */,
				EEF452942AC09FF400F76BE1 /* Result.swift in Sources */,
				EED6CABB2ABBB49500C1B421 /* NumberStringType.swift in Sources */,
				EEF452912ABF12A700F76BE1 /* NumberConverter.swift in Sources */,
			);
			runOnlyForDeploymentPostprocessing = 0;
		};
/* End PBXSourcesBuildPhase section */

/* Begin XCBuildConfiguration section */
		EED6CAB52ABBB41000C1B421 /* Debug */ = {
			isa = XCBuildConfiguration;
			buildSettings = {
				ALWAYS_SEARCH_USER_PATHS = NO;
				CLANG_ANALYZER_NONNULL = YES;
				CLANG_ANALYZER_NUMBER_OBJECT_CONVERSION = YES_AGGRESSIVE;
				CLANG_CXX_LANGUAGE_STANDARD = "gnu++20";
				CLANG_ENABLE_MODULES = YES;
				CLANG_ENABLE_OBJC_ARC = YES;
				CLANG_ENABLE_OBJC_WEAK = YES;
				CLANG_WARN_BLOCK_CAPTURE_AUTORELEASING = YES;
				CLANG_WARN_BOOL_CONVERSION = YES;
				CLANG_WARN_COMMA = YES;
				CLANG_WARN_CONSTANT_CONVERSION = YES;
				CLANG_WARN_DEPRECATED_OBJC_IMPLEMENTATIONS = YES;
				CLANG_WARN_DIRECT_OBJC_ISA_USAGE = YES_ERROR;
				CLANG_WARN_DOCUMENTATION_COMMENTS = YES;
				CLANG_WARN_EMPTY_BODY = YES;
				CLANG_WARN_ENUM_CONVERSION = YES;
				CLANG_WARN_INFINITE_RECURSION = YES;
				CLANG_WARN_INT_CONVERSION = YES;
				CLANG_WARN_NON_LITERAL_NULL_CONVERSION = YES;
				CLANG_WARN_OBJC_IMPLICIT_RETAIN_SELF = YES;
				CLANG_WARN_OBJC_LITERAL_CONVERSION = YES;
				CLANG_WARN_OBJC_ROOT_CLASS = YES_ERROR;
				CLANG_WARN_QUOTED_INCLUDE_IN_FRAMEWORK_HEADER = YES;
				CLANG_WARN_RANGE_LOOP_ANALYSIS = YES;
				CLANG_WARN_STRICT_PROTOTYPES = YES;
				CLANG_WARN_SUSPICIOUS_MOVE = YES;
				CLANG_WARN_UNGUARDED_AVAILABILITY = YES_AGGRESSIVE;
				CLANG_WARN_UNREACHABLE_CODE = YES;
				CLANG_WARN__DUPLICATE_METHOD_MATCH = YES;
				COPY_PHASE_STRIP = NO;
				DEBUG_INFORMATION_FORMAT = dwarf;
				ENABLE_STRICT_OBJC_MSGSEND = YES;
				ENABLE_TESTABILITY = YES;
				GCC_C_LANGUAGE_STANDARD = gnu11;
				GCC_DYNAMIC_NO_PIC = NO;
				GCC_NO_COMMON_BLOCKS = YES;
				GCC_OPTIMIZATION_LEVEL = 0;
				GCC_PREPROCESSOR_DEFINITIONS = (
					"DEBUG=1",
					"$(inherited)",
				);
				GCC_WARN_64_TO_32_BIT_CONVERSION = YES;
				GCC_WARN_ABOUT_RETURN_TYPE = YES_ERROR;
				GCC_WARN_UNDECLARED_SELECTOR = YES;
				GCC_WARN_UNINITIALIZED_AUTOS = YES_AGGRESSIVE;
				GCC_WARN_UNUSED_FUNCTION = YES;
				GCC_WARN_UNUSED_VARIABLE = YES;
				MTL_ENABLE_DEBUG_INFO = INCLUDE_SOURCE;
				MTL_FAST_MATH = YES;
				ONLY_ACTIVE_ARCH = YES;
				SWIFT_ACTIVE_COMPILATION_CONDITIONS = DEBUG;
				SWIFT_OPTIMIZATION_LEVEL = "-Onone";
			};
			name = Debug;
		};
		EED6CAB62ABBB41000C1B421 /* Release */ = {
			isa = XCBuildConfiguration;
			buildSettings = {
				ALWAYS_SEARCH_USER_PATHS = NO;
				CLANG_ANALYZER_NONNULL = YES;
				CLANG_ANALYZER_NUMBER_OBJECT_CONVERSION = YES_AGGRESSIVE;
				CLANG_CXX_LANGUAGE_STANDARD = "gnu++20";
				CLANG_ENABLE_MODULES = YES;
				CLANG_ENABLE_OBJC_ARC = YES;
				CLANG_ENABLE_OBJC_WEAK = YES;
				CLANG_WARN_BLOCK_CAPTURE_AUTORELEASING = YES;
				CLANG_WARN_BOOL_CONVERSION = YES;
				CLANG_WARN_COMMA = YES;
				CLANG_WARN_CONSTANT_CONVERSION = YES;
				CLANG_WARN_DEPRECATED_OBJC_IMPLEMENTATIONS = YES;
				CLANG_WARN_DIRECT_OBJC_ISA_USAGE = YES_ERROR;
				CLANG_WARN_DOCUMENTATION_COMMENTS = YES;
				CLANG_WARN_EMPTY_BODY = YES;
				CLANG_WARN_ENUM_CONVERSION = YES;
				CLANG_WARN_INFINITE_RECURSION = YES;
				CLANG_WARN_INT_CONVERSION = YES;
				CLANG_WARN_NON_LITERAL_NULL_CONVERSION = YES;
				CLANG_WARN_OBJC_IMPLICIT_RETAIN_SELF = YES;
				CLANG_WARN_OBJC_LITERAL_CONVERSION = YES;
				CLANG_WARN_OBJC_ROOT_CLASS = YES_ERROR;
				CLANG_WARN_QUOTED_INCLUDE_IN_FRAMEWORK_HEADER = YES;
				CLANG_WARN_RANGE_LOOP_ANALYSIS = YES;
				CLANG_WARN_STRICT_PROTOTYPES = YES;
				CLANG_WARN_SUSPICIOUS_MOVE = YES;
				CLANG_WARN_UNGUARDED_AVAILABILITY = YES_AGGRESSIVE;
				CLANG_WARN_UNREACHABLE_CODE = YES;
				CLANG_WARN__DUPLICATE_METHOD_MATCH = YES;
				COPY_PHASE_STRIP = NO;
				DEBUG_INFORMATION_FORMAT = "dwarf-with-dsym";
				ENABLE_NS_ASSERTIONS = NO;
				ENABLE_STRICT_OBJC_MSGSEND = YES;
				GCC_C_LANGUAGE_STANDARD = gnu11;
				GCC_NO_COMMON_BLOCKS = YES;
				GCC_WARN_64_TO_32_BIT_CONVERSION = YES;
				GCC_WARN_ABOUT_RETURN_TYPE = YES_ERROR;
				GCC_WARN_UNDECLARED_SELECTOR = YES;
				GCC_WARN_UNINITIALIZED_AUTOS = YES_AGGRESSIVE;
				GCC_WARN_UNUSED_FUNCTION = YES;
				GCC_WARN_UNUSED_VARIABLE = YES;
				MTL_ENABLE_DEBUG_INFO = NO;
				MTL_FAST_MATH = YES;
				SWIFT_COMPILATION_MODE = wholemodule;
				SWIFT_OPTIMIZATION_LEVEL = "-O";
			};
			name = Release;
		};
		EED6CAB82ABBB41000C1B421 /* Debug */ = {
			isa = XCBuildConfiguration;
			buildSettings = {
				ASSETCATALOG_COMPILER_APPICON_NAME = AppIcon;
				ASSETCATALOG_COMPILER_GLOBAL_ACCENT_COLOR_NAME = AccentColor;
				CODE_SIGN_ENTITLEMENTS = NumberConverter/NumberConverter.entitlements;
				CODE_SIGN_STYLE = Automatic;
				CURRENT_PROJECT_VERSION = 1;
				DEVELOPMENT_ASSET_PATHS = "\"NumberConverter/Preview Content\"";
				DEVELOPMENT_TEAM = V6R4C94Z69;
				ENABLE_HARDENED_RUNTIME = YES;
				ENABLE_PREVIEWS = YES;
				GENERATE_INFOPLIST_FILE = YES;
				"INFOPLIST_KEY_UIApplicationSceneManifest_Generation[sdk=iphoneos*]" = YES;
				"INFOPLIST_KEY_UIApplicationSceneManifest_Generation[sdk=iphonesimulator*]" = YES;
				"INFOPLIST_KEY_UIApplicationSupportsIndirectInputEvents[sdk=iphoneos*]" = YES;
				"INFOPLIST_KEY_UIApplicationSupportsIndirectInputEvents[sdk=iphonesimulator*]" = YES;
				"INFOPLIST_KEY_UILaunchScreen_Generation[sdk=iphoneos*]" = YES;
				"INFOPLIST_KEY_UILaunchScreen_Generation[sdk=iphonesimulator*]" = YES;
				"INFOPLIST_KEY_UIStatusBarStyle[sdk=iphoneos*]" = UIStatusBarStyleDefault;
				"INFOPLIST_KEY_UIStatusBarStyle[sdk=iphonesimulator*]" = UIStatusBarStyleDefault;
				INFOPLIST_KEY_UISupportedInterfaceOrientations_iPad = "UIInterfaceOrientationPortrait UIInterfaceOrientationPortraitUpsideDown UIInterfaceOrientationLandscapeLeft UIInterfaceOrientationLandscapeRight";
				INFOPLIST_KEY_UISupportedInterfaceOrientations_iPhone = "UIInterfaceOrientationPortrait UIInterfaceOrientationLandscapeLeft UIInterfaceOrientationLandscapeRight";
				IPHONEOS_DEPLOYMENT_TARGET = 16.4;
				LD_RUNPATH_SEARCH_PATHS = "@executable_path/Frameworks";
				"LD_RUNPATH_SEARCH_PATHS[sdk=macosx*]" = "@executable_path/../Frameworks";
				MACOSX_DEPLOYMENT_TARGET = 13.3;
				MARKETING_VERSION = 1.0;
				PRODUCT_BUNDLE_IDENTIFIER = grigorchukanastasiia.NumberConverter;
				PRODUCT_NAME = "$(TARGET_NAME)";
				SDKROOT = auto;
				SUPPORTED_PLATFORMS = "iphoneos iphonesimulator macosx";
				SWIFT_EMIT_LOC_STRINGS = YES;
				SWIFT_VERSION = 5.0;
				TARGETED_DEVICE_FAMILY = "1,2";
			};
			name = Debug;
		};
		EED6CAB92ABBB41000C1B421 /* Release */ = {
			isa = XCBuildConfiguration;
			buildSettings = {
				ASSETCATALOG_COMPILER_APPICON_NAME = AppIcon;
				ASSETCATALOG_COMPILER_GLOBAL_ACCENT_COLOR_NAME = AccentColor;
				CODE_SIGN_ENTITLEMENTS = NumberConverter/NumberConverter.entitlements;
				CODE_SIGN_STYLE = Automatic;
				CURRENT_PROJECT_VERSION = 1;
				DEVELOPMENT_ASSET_PATHS = "\"NumberConverter/Preview Content\"";
				DEVELOPMENT_TEAM = V6R4C94Z69;
				ENABLE_HARDENED_RUNTIME = YES;
				ENABLE_PREVIEWS = YES;
				GENERATE_INFOPLIST_FILE = YES;
				"INFOPLIST_KEY_UIApplicationSceneManifest_Generation[sdk=iphoneos*]" = YES;
				"INFOPLIST_KEY_UIApplicationSceneManifest_Generation[sdk=iphonesimulator*]" = YES;
				"INFOPLIST_KEY_UIApplicationSupportsIndirectInputEvents[sdk=iphoneos*]" = YES;
				"INFOPLIST_KEY_UIApplicationSupportsIndirectInputEvents[sdk=iphonesimulator*]" = YES;
				"INFOPLIST_KEY_UILaunchScreen_Generation[sdk=iphoneos*]" = YES;
				"INFOPLIST_KEY_UILaunchScreen_Generation[sdk=iphonesimulator*]" = YES;
				"INFOPLIST_KEY_UIStatusBarStyle[sdk=iphoneos*]" = UIStatusBarStyleDefault;
				"INFOPLIST_KEY_UIStatusBarStyle[sdk=iphonesimulator*]" = UIStatusBarStyleDefault;
				INFOPLIST_KEY_UISupportedInterfaceOrientations_iPad = "UIInterfaceOrientationPortrait UIInterfaceOrientationPortraitUpsideDown UIInterfaceOrientationLandscapeLeft UIInterfaceOrientationLandscapeRight";
				INFOPLIST_KEY_UISupportedInterfaceOrientations_iPhone = "UIInterfaceOrientationPortrait UIInterfaceOrientationLandscapeLeft UIInterfaceOrientationLandscapeRight";
				IPHONEOS_DEPLOYMENT_TARGET = 16.4;
				LD_RUNPATH_SEARCH_PATHS = "@executable_path/Frameworks";
				"LD_RUNPATH_SEARCH_PATHS[sdk=macosx*]" = "@executable_path/../Frameworks";
				MACOSX_DEPLOYMENT_TARGET = 13.3;
				MARKETING_VERSION = 1.0;
				PRODUCT_BUNDLE_IDENTIFIER = grigorchukanastasiia.NumberConverter;
				PRODUCT_NAME = "$(TARGET_NAME)";
				SDKROOT = auto;
				SUPPORTED_PLATFORMS = "iphoneos iphonesimulator macosx";
				SWIFT_EMIT_LOC_STRINGS = YES;
				SWIFT_VERSION = 5.0;
				TARGETED_DEVICE_FAMILY = "1,2";
			};
			name = Release;
		};
/* End XCBuildConfiguration section */

/* Begin XCConfigurationList section */
		EED6CAA32ABBB40E00C1B421 /* Build configuration list for PBXProject "NumberConverter" */ = {
			isa = XCConfigurationList;
			buildConfigurations = (
				EED6CAB52ABBB41000C1B421 /* Debug */,
				EED6CAB62ABBB41000C1B421 /* Release */,
			);
			defaultConfigurationIsVisible = 0;
			defaultConfigurationName = Release;
		};
		EED6CAB72ABBB41000C1B421 /* Build configuration list for PBXNativeTarget "NumberConverter" */ = {
			isa = XCConfigurationList;
			buildConfigurations = (
				EED6CAB82ABBB41000C1B421 /* Debug */,
				EED6CAB92ABBB41000C1B421 /* Release */,
			);
			defaultConfigurationIsVisible = 0;
			defaultConfigurationName = Release;
		};
/* End XCConfigurationList section */
	};
	rootObject = EED6CAA02ABBB40E00C1B421 /* Project object */;
}
